# This file is automatically @generated by Cargo.
# It is not intended for manual editing.
[[package]]
name = "bitflags"
version = "1.1.0"
source = "registry+https://github.com/rust-lang/crates.io-index"

[[package]]
name = "getopts"
version = "0.2.21"
source = "registry+https://github.com/rust-lang/crates.io-index"
dependencies = [
 "unicode-width 0.1.6 (registry+https://github.com/rust-lang/crates.io-index)",
]

[[package]]
name = "memchr"
version = "2.2.1"
source = "registry+https://github.com/rust-lang/crates.io-index"

[[package]]
name = "mssg"
version = "0.0.1"
dependencies = [
 "pulldown-cmark 0.6.0 (registry+https://github.com/rust-lang/crates.io-index)",
 "toml 0.5.3 (registry+https://github.com/rust-lang/crates.io-index)",
 "yansi 0.5.0 (registry+https://github.com/rust-lang/crates.io-index)",
]

[[package]]
name = "pulldown-cmark"
version = "0.6.0"
source = "registry+https://github.com/rust-lang/crates.io-index"
dependencies = [
 "bitflags 1.1.0 (registry+https://github.com/rust-lang/crates.io-index)",
 "getopts 0.2.21 (registry+https://github.com/rust-lang/crates.io-index)",
 "memchr 2.2.1 (registry+https://github.com/rust-lang/crates.io-index)",
 "unicase 2.5.1 (registry+https://github.com/rust-lang/crates.io-index)",
]

[[package]]
name = "serde"
version = "1.0.101"
source = "registry+https://github.com/rust-lang/crates.io-index"

[[package]]
name = "toml"
version = "0.5.3"
source = "registry+https://github.com/rust-lang/crates.io-index"
dependencies = [
 "serde 1.0.101 (registry+https://github.com/rust-lang/crates.io-index)",
]

[[package]]
name = "unicase"
version = "2.5.1"
source = "registry+https://github.com/rust-lang/crates.io-index"
dependencies = [
 "version_check 0.1.5 (registry+https://github.com/rust-lang/crates.io-index)",
]

[[package]]
name = "unicode-width"
version = "0.1.6"
source = "registry+https://github.com/rust-lang/crates.io-index"

[[package]]
name = "version_check"
version = "0.1.5"
source = "registry+https://github.com/rust-lang/crates.io-index"

[[package]]
name = "yansi"
version = "0.5.0"
source = "registry+https://github.com/rust-lang/crates.io-index"

[metadata]
"checksum bitflags 1.1.0 (registry+https://github.com/rust-lang/crates.io-index)" = "3d155346769a6855b86399e9bc3814ab343cd3d62c7e985113d46a0ec3c281fd"
"checksum getopts 0.2.21 (registry+https://github.com/rust-lang/crates.io-index)" = "14dbbfd5c71d70241ecf9e6f13737f7b5ce823821063188d7e46c41d371eebd5"
"checksum memchr 2.2.1 (registry+https://github.com/rust-lang/crates.io-index)" = "88579771288728879b57485cc7d6b07d648c9f0141eb955f8ab7f9d45394468e"
"checksum pulldown-cmark 0.6.0 (registry+https://github.com/rust-lang/crates.io-index)" = "85b0ad0d4c1702965ee6bb5b4ff5e71f83850b497d497e9444302987bf9e26a4"
"checksum serde 1.0.101 (registry+https://github.com/rust-lang/crates.io-index)" = "9796c9b7ba2ffe7a9ce53c2287dfc48080f4b2b362fcc245a259b3a7201119dd"
"checksum toml 0.5.3 (registry+https://github.com/rust-lang/crates.io-index)" = "c7aabe75941d914b72bf3e5d3932ed92ce0664d49d8432305a8b547c37227724"
"checksum unicase 2.5.1 (registry+https://github.com/rust-lang/crates.io-index)" = "2e2e6bd1e59e56598518beb94fd6db628ded570326f0a98c679a304bd9f00150"
"checksum unicode-width 0.1.6 (registry+https://github.com/rust-lang/crates.io-index)" = "7007dbd421b92cc6e28410fe7362e2e0a2503394908f417b68ec8d1c364c4e20"
"checksum version_check 0.1.5 (registry+https://github.com/rust-lang/crates.io-index)" = "914b1a6776c4c929a602fafd8bc742e06365d4bcbe48c30f9cca5824f70dc9dd"
"checksum yansi 0.5.0 (registry+https://github.com/rust-lang/crates.io-index)" = "9fc79f4a1e39857fc00c3f662cbf2651c771f00e9c15fe2abc341806bd46bd71"
